
Microsoft Visual Studio Solution File, Format Version 12.00
# Visual Studio Version 17
VisualStudioVersion = 17.8.34525.116
MinimumVisualStudioVersion = 10.0.40219.1
Project("{9A19103F-16F7-4668-BE54-9A1E7A4F7556}") = "BlazorApp", "BlazorApp\BlazorApp.csproj", "{73143215-EEFF-418E-A83E-58E47FF9E6B7}"
EndProject
Global
	GlobalSection(SolutionConfigurationPlatforms) = preSolution
		Debug|Any CPU = Debug|Any CPU
		Release|Any CPU = Release|Any CPU
	EndGlobalSection
	GlobalSection(ProjectConfigurationPlatforms) = postSolution
		{73143215-EEFF-418E-A83E-58E47FF9E6B7}.Debug|Any CPU.ActiveCfg = Debug|Any CPU
		{73143215-EEFF-418E-A83E-58E47FF9E6B7}.Debug|Any CPU.Build.0 = Debug|Any CPU
		{73143215-EEFF-418E-A83E-58E47FF9E6B7}.Release|Any CPU.ActiveCfg = Release|Any CPU
		{73143215-EEFF-418E-A83E-58E47FF9E6B7}.Release|Any CPU.Build.0 = Release|Any CPU
	EndGlobalSection
	GlobalSection(SolutionProperties) = preSolution
		HideSolutionNode = FALSE
	EndGlobalSection
	GlobalSection(ExtensibilityGlobals) = postSolution
		SolutionGuid = {2F67D8FF-BB6D-4515-86BC-1872C8BF2D2D}
	EndGlobalSection
EndGlobal
